// !$*UTF8*$!
{
	archiveVersion = 1;
	classes = {
	};
	objectVersion = 56;
	objects = {

/* Begin PBXBuildFile section */
		3AF2609229CE0C5300E41D58 /* AppDelegate.swift in Sources */ = {isa = PBXBuildFile; fileRef = 3AF2609129CE0C5300E41D58 /* AppDelegate.swift */; };
		3AF2609429CE0C5300E41D58 /* SceneDelegate.swift in Sources */ = {isa = PBXBuildFile; fileRef = 3AF2609329CE0C5300E41D58 /* SceneDelegate.swift */; };
		3AF2609B29CE0C5400E41D58 /* Assets.xcassets in Resources */ = {isa = PBXBuildFile; fileRef = 3AF2609A29CE0C5400E41D58 /* Assets.xcassets */; };
		3AF2609E29CE0C5400E41D58 /* LaunchScreen.storyboard in Resources */ = {isa = PBXBuildFile; fileRef = 3AF2609C29CE0C5400E41D58 /* LaunchScreen.storyboard */; };
		3AF260A929CE0C5400E41D58 /* _0230323_RobertCovuNYCSchoolsTests.swift in Sources */ = {isa = PBXBuildFile; fileRef = 3AF260A829CE0C5400E41D58 /* _0230323_RobertCovuNYCSchoolsTests.swift */; };
		3AF260B329CE0C5400E41D58 /* _0230323_RobertCovuNYCSchoolsUITests.swift in Sources */ = {isa = PBXBuildFile; fileRef = 3AF260B229CE0C5400E41D58 /* _0230323_RobertCovuNYCSchoolsUITests.swift */; };
		3AF260B529CE0C5400E41D58 /* _0230323_RobertCovuNYCSchoolsUITestsLaunchTests.swift in Sources */ = {isa = PBXBuildFile; fileRef = 3AF260B429CE0C5400E41D58 /* _0230323_RobertCovuNYCSchoolsUITestsLaunchTests.swift */; };
		3AF260C429CE0DFF00E41D58 /* NetworkManager.swift in Sources */ = {isa = PBXBuildFile; fileRef = 3AF260C229CE0DFF00E41D58 /* NetworkManager.swift */; };
		3AF260C529CE0DFF00E41D58 /* APIEndpoint.swift in Sources */ = {isa = PBXBuildFile; fileRef = 3AF260C329CE0DFF00E41D58 /* APIEndpoint.swift */; };
		3AF260C829CE0E5100E41D58 /* Extension.swift in Sources */ = {isa = PBXBuildFile; fileRef = 3AF260C729CE0E5100E41D58 /* Extension.swift */; };
		3AF260CD29CE0F4A00E41D58 /* PresentingData.swift in Sources */ = {isa = PBXBuildFile; fileRef = 3AF260CA29CE0F4A00E41D58 /* PresentingData.swift */; };
		3AF260CE29CE0F4A00E41D58 /* TableViewCell.swift in Sources */ = {isa = PBXBuildFile; fileRef = 3AF260CB29CE0F4A00E41D58 /* TableViewCell.swift */; };
		3AF260CF29CE0F4A00E41D58 /* ViewController.swift in Sources */ = {isa = PBXBuildFile; fileRef = 3AF260CC29CE0F4A00E41D58 /* ViewController.swift */; };
		3AF260D329CE0FD000E41D58 /* SchoolsModel.swift in Sources */ = {isa = PBXBuildFile; fileRef = 3AF260D229CE0FD000E41D58 /* SchoolsModel.swift */; };
		3AF260D529CE150300E41D58 /* ViewControllerModel.swift in Sources */ = {isa = PBXBuildFile; fileRef = 3AF260D429CE150300E41D58 /* ViewControllerModel.swift */; };
/* End PBXBuildFile section */

/* Begin PBXContainerItemProxy section */
		3AF260A529CE0C5400E41D58 /* PBXContainerItemProxy */ = {
			isa = PBXContainerItemProxy;
			containerPortal = 3AF2608629CE0C5300E41D58 /* Project object */;
			proxyType = 1;
			remoteGlobalIDString = 3AF2608D29CE0C5300E41D58;
			remoteInfo = "20230323-RobertCovuNYCSchools";
		};
		3AF260AF29CE0C5400E41D58 /* PBXContainerItemProxy */ = {
			isa = PBXContainerItemProxy;
			containerPortal = 3AF2608629CE0C5300E41D58 /* Project object */;
			proxyType = 1;
			remoteGlobalIDString = 3AF2608D29CE0C5300E41D58;
			remoteInfo = "20230323-RobertCovuNYCSchools";
		};
/* End PBXContainerItemProxy section */

/* Begin PBXFileReference section */
		3AF2608E29CE0C5300E41D58 /* 20230323-RobertCovuNYCSchools.app */ = {isa = PBXFileReference; explicitFileType = wrapper.application; includeInIndex = 0; path = "20230323-RobertCovuNYCSchools.app"; sourceTree = BUILT_PRODUCTS_DIR; };
		3AF2609129CE0C5300E41D58 /* AppDelegate.swift */ = {isa = PBXFileReference; lastKnownFileType = sourcecode.swift; path = AppDelegate.swift; sourceTree = "<group>"; };
		3AF2609329CE0C5300E41D58 /* SceneDelegate.swift */ = {isa = PBXFileReference; lastKnownFileType = sourcecode.swift; path = SceneDelegate.swift; sourceTree = "<group>"; };
		3AF2609A29CE0C5400E41D58 /* Assets.xcassets */ = {isa = PBXFileReference; lastKnownFileType = folder.assetcatalog; path = Assets.xcassets; sourceTree = "<group>"; };
		3AF2609D29CE0C5400E41D58 /* Base */ = {isa = PBXFileReference; lastKnownFileType = file.storyboard; name = Base; path = Base.lproj/LaunchScreen.storyboard; sourceTree = "<group>"; };
		3AF2609F29CE0C5400E41D58 /* Info.plist */ = {isa = PBXFileReference; lastKnownFileType = text.plist.xml; path = Info.plist; sourceTree = "<group>"; };
		3AF260A429CE0C5400E41D58 /* 20230323-RobertCovuNYCSchoolsTests.xctest */ = {isa = PBXFileReference; explicitFileType = wrapper.cfbundle; includeInIndex = 0; path = "20230323-RobertCovuNYCSchoolsTests.xctest"; sourceTree = BUILT_PRODUCTS_DIR; };
		3AF260A829CE0C5400E41D58 /* _0230323_RobertCovuNYCSchoolsTests.swift */ = {isa = PBXFileReference; lastKnownFileType = sourcecode.swift; path = _0230323_RobertCovuNYCSchoolsTests.swift; sourceTree = "<group>"; };
		3AF260AE29CE0C5400E41D58 /* 20230323-RobertCovuNYCSchoolsUITests.xctest */ = {isa = PBXFileReference; explicitFileType = wrapper.cfbundle; includeInIndex = 0; path = "20230323-RobertCovuNYCSchoolsUITests.xctest"; sourceTree = BUILT_PRODUCTS_DIR; };
		3AF260B229CE0C5400E41D58 /* _0230323_RobertCovuNYCSchoolsUITests.swift */ = {isa = PBXFileReference; lastKnownFileType = sourcecode.swift; path = _0230323_RobertCovuNYCSchoolsUITests.swift; sourceTree = "<group>"; };
		3AF260B429CE0C5400E41D58 /* _0230323_RobertCovuNYCSchoolsUITestsLaunchTests.swift */ = {isa = PBXFileReference; lastKnownFileType = sourcecode.swift; path = _0230323_RobertCovuNYCSchoolsUITestsLaunchTests.swift; sourceTree = "<group>"; };
		3AF260C229CE0DFF00E41D58 /* NetworkManager.swift */ = {isa = PBXFileReference; fileEncoding = 4; lastKnownFileType = sourcecode.swift; path = NetworkManager.swift; sourceTree = "<group>"; };
		3AF260C329CE0DFF00E41D58 /* APIEndpoint.swift */ = {isa = PBXFileReference; fileEncoding = 4; lastKnownFileType = sourcecode.swift; path = APIEndpoint.swift; sourceTree = "<group>"; };
		3AF260C729CE0E5100E41D58 /* Extension.swift */ = {isa = PBXFileReference; fileEncoding = 4; lastKnownFileType = sourcecode.swift; path = Extension.swift; sourceTree = "<group>"; };
		3AF260CA29CE0F4A00E41D58 /* PresentingData.swift */ = {isa = PBXFileReference; fileEncoding = 4; lastKnownFileType = sourcecode.swift; path = PresentingData.swift; sourceTree = "<group>"; };
		3AF260CB29CE0F4A00E41D58 /* TableViewCell.swift */ = {isa = PBXFileReference; fileEncoding = 4; lastKnownFileType = sourcecode.swift; path = TableViewCell.swift; sourceTree = "<group>"; };
		3AF260CC29CE0F4A00E41D58 /* ViewController.swift */ = {isa = PBXFileReference; fileEncoding = 4; lastKnownFileType = sourcecode.swift; path = ViewController.swift; sourceTree = "<group>"; };
		3AF260D229CE0FD000E41D58 /* SchoolsModel.swift */ = {isa = PBXFileReference; fileEncoding = 4; lastKnownFileType = sourcecode.swift; path = SchoolsModel.swift; sourceTree = "<group>"; };
		3AF260D429CE150300E41D58 /* ViewControllerModel.swift */ = {isa = PBXFileReference; fileEncoding = 4; lastKnownFileType = sourcecode.swift; path = ViewControllerModel.swift; sourceTree = "<group>"; };
/* End PBXFileReference section */

/* Begin PBXFrameworksBuildPhase section */
		3AF2608B29CE0C5300E41D58 /* Frameworks */ = {
			isa = PBXFrameworksBuildPhase;
			buildActionMask = 2147483647;
			files = (
			);
			runOnlyForDeploymentPostprocessing = 0;
		};
		3AF260A129CE0C5400E41D58 /* Frameworks */ = {
			isa = PBXFrameworksBuildPhase;
			buildActionMask = 2147483647;
			files = (
			);
			runOnlyForDeploymentPostprocessing = 0;
		};
		3AF260AB29CE0C5400E41D58 /* Frameworks */ = {
			isa = PBXFrameworksBuildPhase;
			buildActionMask = 2147483647;
			files = (
			);
			runOnlyForDeploymentPostprocessing = 0;
		};
/* End PBXFrameworksBuildPhase section */

/* Begin PBXGroup section */
		3AF2608529CE0C5300E41D58 = {
			isa = PBXGroup;
			children = (
				3AF2609029CE0C5300E41D58 /* 20230323-RobertCovuNYCSchools */,
				3AF260A729CE0C5400E41D58 /* 20230323-RobertCovuNYCSchoolsTests */,
				3AF260B129CE0C5400E41D58 /* 20230323-RobertCovuNYCSchoolsUITests */,
				3AF2608F29CE0C5300E41D58 /* Products */,
			);
			sourceTree = "<group>";
		};
		3AF2608F29CE0C5300E41D58 /* Products */ = {
			isa = PBXGroup;
			children = (
				3AF2608E29CE0C5300E41D58 /* 20230323-RobertCovuNYCSchools.app */,
				3AF260A429CE0C5400E41D58 /* 20230323-RobertCovuNYCSchoolsTests.xctest */,
				3AF260AE29CE0C5400E41D58 /* 20230323-RobertCovuNYCSchoolsUITests.xctest */,
			);
			name = Products;
			sourceTree = "<group>";
		};
		3AF2609029CE0C5300E41D58 /* 20230323-RobertCovuNYCSchools */ = {
			isa = PBXGroup;
			children = (
				3AF260C629CE0E3100E41D58 /* UIExtention */,
				3AF260C129CE0C7200E41D58 /* ServiceManager */,
				3AF260C929CE0F3400E41D58 /* View */,
				3AF260D029CE0F7E00E41D58 /* Model */,
				3AF260D129CE0F8E00E41D58 /* ViewModel */,
				3AF2609129CE0C5300E41D58 /* AppDelegate.swift */,
				3AF2609329CE0C5300E41D58 /* SceneDelegate.swift */,
				3AF2609A29CE0C5400E41D58 /* Assets.xcassets */,
				3AF2609C29CE0C5400E41D58 /* LaunchScreen.storyboard */,
				3AF2609F29CE0C5400E41D58 /* Info.plist */,
			);
			path = "20230323-RobertCovuNYCSchools";
			sourceTree = "<group>";
		};
		3AF260A729CE0C5400E41D58 /* 20230323-RobertCovuNYCSchoolsTests */ = {
			isa = PBXGroup;
			children = (
				3AF260A829CE0C5400E41D58 /* _0230323_RobertCovuNYCSchoolsTests.swift */,
			);
			path = "20230323-RobertCovuNYCSchoolsTests";
			sourceTree = "<group>";
		};
		3AF260B129CE0C5400E41D58 /* 20230323-RobertCovuNYCSchoolsUITests */ = {
			isa = PBXGroup;
			children = (
				3AF260B229CE0C5400E41D58 /* _0230323_RobertCovuNYCSchoolsUITests.swift */,
				3AF260B429CE0C5400E41D58 /* _0230323_RobertCovuNYCSchoolsUITestsLaunchTests.swift */,
			);
			path = "20230323-RobertCovuNYCSchoolsUITests";
			sourceTree = "<group>";
		};
		3AF260C129CE0C7200E41D58 /* ServiceManager */ = {
			isa = PBXGroup;
			children = (
				3AF260C329CE0DFF00E41D58 /* APIEndpoint.swift */,
				3AF260C229CE0DFF00E41D58 /* NetworkManager.swift */,
			);
			path = ServiceManager;
			sourceTree = "<group>";
		};
		3AF260C629CE0E3100E41D58 /* UIExtention */ = {
			isa = PBXGroup;
			children = (
				3AF260C729CE0E5100E41D58 /* Extension.swift */,
			);
			path = UIExtention;
			sourceTree = "<group>";
		};
		3AF260C929CE0F3400E41D58 /* View */ = {
			isa = PBXGroup;
			children = (
				3AF260CA29CE0F4A00E41D58 /* PresentingData.swift */,
				3AF260CB29CE0F4A00E41D58 /* TableViewCell.swift */,
				3AF260CC29CE0F4A00E41D58 /* ViewController.swift */,
			);
			path = View;
			sourceTree = "<group>";
		};
		3AF260D029CE0F7E00E41D58 /* Model */ = {
			isa = PBXGroup;
			children = (
				3AF260D229CE0FD000E41D58 /* SchoolsModel.swift */,
			);
			path = Model;
			sourceTree = "<group>";
		};
		3AF260D129CE0F8E00E41D58 /* ViewModel */ = {
			isa = PBXGroup;
			children = (
				3AF260D429CE150300E41D58 /* ViewControllerModel.swift */,
			);
			path = ViewModel;
			sourceTree = "<group>";
		};
/* End PBXGroup section */

/* Begin PBXNativeTarget section */
		3AF2608D29CE0C5300E41D58 /* 20230323-RobertCovuNYCSchools */ = {
			isa = PBXNativeTarget;
			buildConfigurationList = 3AF260B829CE0C5400E41D58 /* Build configuration list for PBXNativeTarget "20230323-RobertCovuNYCSchools" */;
			buildPhases = (
				3AF2608A29CE0C5300E41D58 /* Sources */,
				3AF2608B29CE0C5300E41D58 /* Frameworks */,
				3AF2608C29CE0C5300E41D58 /* Resources */,
			);
			buildRules = (
			);
			dependencies = (
			);
			name = "20230323-RobertCovuNYCSchools";
			productName = "20230323-RobertCovuNYCSchools";
			productReference = 3AF2608E29CE0C5300E41D58 /* 20230323-RobertCovuNYCSchools.app */;
			productType = "com.apple.product-type.application";
		};
		3AF260A329CE0C5400E41D58 /* 20230323-RobertCovuNYCSchoolsTests */ = {
			isa = PBXNativeTarget;
			buildConfigurationList = 3AF260BB29CE0C5400E41D58 /* Build configuration list for PBXNativeTarget "20230323-RobertCovuNYCSchoolsTests" */;
			buildPhases = (
				3AF260A029CE0C5400E41D58 /* Sources */,
				3AF260A129CE0C5400E41D58 /* Frameworks */,
				3AF260A229CE0C5400E41D58 /* Resources */,
			);
			buildRules = (
			);
			dependencies = (
				3AF260A629CE0C5400E41D58 /* PBXTargetDependency */,
			);
			name = "20230323-RobertCovuNYCSchoolsTests";
			productName = "20230323-RobertCovuNYCSchoolsTests";
			productReference = 3AF260A429CE0C5400E41D58 /* 20230323-RobertCovuNYCSchoolsTests.xctest */;
			productType = "com.apple.product-type.bundle.unit-test";
		};
		3AF260AD29CE0C5400E41D58 /* 20230323-RobertCovuNYCSchoolsUITests */ = {
			isa = PBXNativeTarget;
			buildConfigurationList = 3AF260BE29CE0C5400E41D58 /* Build configuration list for PBXNativeTarget "20230323-RobertCovuNYCSchoolsUITests" */;
			buildPhases = (
				3AF260AA29CE0C5400E41D58 /* Sources */,
				3AF260AB29CE0C5400E41D58 /* Frameworks */,
				3AF260AC29CE0C5400E41D58 /* Resources */,
			);
			buildRules = (
			);
			dependencies = (
				3AF260B029CE0C5400E41D58 /* PBXTargetDependency */,
			);
			name = "20230323-RobertCovuNYCSchoolsUITests";
			productName = "20230323-RobertCovuNYCSchoolsUITests";
			productReference = 3AF260AE29CE0C5400E41D58 /* 20230323-RobertCovuNYCSchoolsUITests.xctest */;
			productType = "com.apple.product-type.bundle.ui-testing";
		};
/* End PBXNativeTarget section */

/* Begin PBXProject section */
		3AF2608629CE0C5300E41D58 /* Project object */ = {
			isa = PBXProject;
			attributes = {
				BuildIndependentTargetsInParallel = 1;
				LastSwiftUpdateCheck = 1420;
				LastUpgradeCheck = 1420;
				TargetAttributes = {
					3AF2608D29CE0C5300E41D58 = {
						CreatedOnToolsVersion = 14.2;
					};
					3AF260A329CE0C5400E41D58 = {
						CreatedOnToolsVersion = 14.2;
						TestTargetID = 3AF2608D29CE0C5300E41D58;
					};
					3AF260AD29CE0C5400E41D58 = {
						CreatedOnToolsVersion = 14.2;
						TestTargetID = 3AF2608D29CE0C5300E41D58;
					};
				};
			};
			buildConfigurationList = 3AF2608929CE0C5300E41D58 /* Build configuration list for PBXProject "20230323-RobertCovuNYCSchools" */;
			compatibilityVersion = "Xcode 14.0";
			developmentRegion = en;
			hasScannedForEncodings = 0;
			knownRegions = (
				en,
				Base,
			);
			mainGroup = 3AF2608529CE0C5300E41D58;
			productRefGroup = 3AF2608F29CE0C5300E41D58 /* Products */;
			projectDirPath = "";
			projectRoot = "";
			targets = (
				3AF2608D29CE0C5300E41D58 /* 20230323-RobertCovuNYCSchools */,
				3AF260A329CE0C5400E41D58 /* 20230323-RobertCovuNYCSchoolsTests */,
				3AF260AD29CE0C5400E41D58 /* 20230323-RobertCovuNYCSchoolsUITests */,
			);
		};
/* End PBXProject section */

/* Begin PBXResourcesBuildPhase section */
		3AF2608C29CE0C5300E41D58 /* Resources */ = {
			isa = PBXResourcesBuildPhase;
			buildActionMask = 2147483647;
			files = (
				3AF2609E29CE0C5400E41D58 /* LaunchScreen.storyboard in Resources */,
				3AF2609B29CE0C5400E41D58 /* Assets.xcassets in Resources */,
			);
			runOnlyForDeploymentPostprocessing = 0;
		};
		3AF260A229CE0C5400E41D58 /* Resources */ = {
			isa = PBXResourcesBuildPhase;
			buildActionMask = 2147483647;
			files = (
			);
			runOnlyForDeploymentPostprocessing = 0;
		};
		3AF260AC29CE0C5400E41D58 /* Resources */ = {
			isa = PBXResourcesBuildPhase;
			buildActionMask = 2147483647;
			files = (
			);
			runOnlyForDeploymentPostprocessing = 0;
		};
/* End PBXResourcesBuildPhase section */

/* Begin PBXSourcesBuildPhase section */
		3AF2608A29CE0C5300E41D58 /* Sources */ = {
			isa = PBXSourcesBuildPhase;
			buildActionMask = 2147483647;
			files = (
				3AF260C429CE0DFF00E41D58 /* NetworkManager.swift in Sources */,
				3AF260CE29CE0F4A00E41D58 /* TableViewCell.swift in Sources */,
				3AF260D529CE150300E41D58 /* ViewControllerModel.swift in Sources */,
				3AF260CF29CE0F4A00E41D58 /* ViewController.swift in Sources */,
				3AF2609229CE0C5300E41D58 /* AppDelegate.swift in Sources */,
				3AF260D329CE0FD000E41D58 /* SchoolsModel.swift in Sources */,
				3AF260CD29CE0F4A00E41D58 /* PresentingData.swift in Sources */,
				3AF260C829CE0E5100E41D58 /* Extension.swift in Sources */,
				3AF2609429CE0C5300E41D58 /* SceneDelegate.swift in Sources */,
				3AF260C529CE0DFF00E41D58 /* APIEndpoint.swift in Sources */,
			);
			runOnlyForDeploymentPostprocessing = 0;
		};
		3AF260A029CE0C5400E41D58 /* Sources */ = {
			isa = PBXSourcesBuildPhase;
			buildActionMask = 2147483647;
			files = (
				3AF260A929CE0C5400E41D58 /* _0230323_RobertCovuNYCSchoolsTests.swift in Sources */,
			);
			runOnlyForDeploymentPostprocessing = 0;
		};
		3AF260AA29CE0C5400E41D58 /* Sources */ = {
			isa = PBXSourcesBuildPhase;
			buildActionMask = 2147483647;
			files = (
				3AF260B529CE0C5400E41D58 /* _0230323_RobertCovuNYCSchoolsUITestsLaunchTests.swift in Sources */,
				3AF260B329CE0C5400E41D58 /* _0230323_RobertCovuNYCSchoolsUITests.swift in Sources */,
			);
			runOnlyForDeploymentPostprocessing = 0;
		};
/* End PBXSourcesBuildPhase section */

/* Begin PBXTargetDependency section */
		3AF260A629CE0C5400E41D58 /* PBXTargetDependency */ = {
			isa = PBXTargetDependency;
			target = 3AF2608D29CE0C5300E41D58 /* 20230323-RobertCovuNYCSchools */;
			targetProxy = 3AF260A529CE0C5400E41D58 /* PBXContainerItemProxy */;
		};
		3AF260B029CE0C5400E41D58 /* PBXTargetDependency */ = {
			isa = PBXTargetDependency;
			target = 3AF2608D29CE0C5300E41D58 /* 20230323-RobertCovuNYCSchools */;
			targetProxy = 3AF260AF29CE0C5400E41D58 /* PBXContainerItemProxy */;
		};
/* End PBXTargetDependency section */

/* Begin PBXVariantGroup section */
		3AF2609C29CE0C5400E41D58 /* LaunchScreen.storyboard */ = {
			isa = PBXVariantGroup;
			children = (
				3AF2609D29CE0C5400E41D58 /* Base */,
			);
			name = LaunchScreen.storyboard;
			sourceTree = "<group>";
		};
/* End PBXVariantGroup section */

/* Begin XCBuildConfiguration section */
		3AF260B629CE0C5400E41D58 /* Debug */ = {
			isa = XCBuildConfiguration;
			buildSettings = {
				ALWAYS_SEARCH_USER_PATHS = NO;
				CLANG_ANALYZER_NONNULL = YES;
				CLANG_ANALYZER_NUMBER_OBJECT_CONVERSION = YES_AGGRESSIVE;
				CLANG_CXX_LANGUAGE_STANDARD = "gnu++20";
				CLANG_ENABLE_MODULES = YES;
				CLANG_ENABLE_OBJC_ARC = YES;
				CLANG_ENABLE_OBJC_WEAK = YES;
				CLANG_WARN_BLOCK_CAPTURE_AUTORELEASING = YES;
				CLANG_WARN_BOOL_CONVERSION = YES;
				CLANG_WARN_COMMA = YES;
				CLANG_WARN_CONSTANT_CONVERSION = YES;
				CLANG_WARN_DEPRECATED_OBJC_IMPLEMENTATIONS = YES;
				CLANG_WARN_DIRECT_OBJC_ISA_USAGE = YES_ERROR;
				CLANG_WARN_DOCUMENTATION_COMMENTS = YES;
				CLANG_WARN_EMPTY_BODY = YES;
				CLANG_WARN_ENUM_CONVERSION = YES;
				CLANG_WARN_INFINITE_RECURSION = YES;
				CLANG_WARN_INT_CONVERSION = YES;
				CLANG_WARN_NON_LITERAL_NULL_CONVERSION = YES;
				CLANG_WARN_OBJC_IMPLICIT_RETAIN_SELF = YES;
				CLANG_WARN_OBJC_LITERAL_CONVERSION = YES;
				CLANG_WARN_OBJC_ROOT_CLASS = YES_ERROR;
				CLANG_WARN_QUOTED_INCLUDE_IN_FRAMEWORK_HEADER = YES;
				CLANG_WARN_RANGE_LOOP_ANALYSIS = YES;
				CLANG_WARN_STRICT_PROTOTYPES = YES;
				CLANG_WARN_SUSPICIOUS_MOVE = YES;
				CLANG_WARN_UNGUARDED_AVAILABILITY = YES_AGGRESSIVE;
				CLANG_WARN_UNREACHABLE_CODE = YES;
				CLANG_WARN__DUPLICATE_METHOD_MATCH = YES;
				COPY_PHASE_STRIP = NO;
				DEBUG_INFORMATION_FORMAT = dwarf;
				ENABLE_STRICT_OBJC_MSGSEND = YES;
				ENABLE_TESTABILITY = YES;
				GCC_C_LANGUAGE_STANDARD = gnu11;
				GCC_DYNAMIC_NO_PIC = NO;
				GCC_NO_COMMON_BLOCKS = YES;
				GCC_OPTIMIZATION_LEVEL = 0;
				GCC_PREPROCESSOR_DEFINITIONS = (
					"DEBUG=1",
					"$(inherited)",
				);
				GCC_WARN_64_TO_32_BIT_CONVERSION = YES;
				GCC_WARN_ABOUT_RETURN_TYPE = YES_ERROR;
				GCC_WARN_UNDECLARED_SELECTOR = YES;
				GCC_WARN_UNINITIALIZED_AUTOS = YES_AGGRESSIVE;
				GCC_WARN_UNUSED_FUNCTION = YES;
				GCC_WARN_UNUSED_VARIABLE = YES;
				IPHONEOS_DEPLOYMENT_TARGET = 16.2;
				MTL_ENABLE_DEBUG_INFO = INCLUDE_SOURCE;
				MTL_FAST_MATH = YES;
				ONLY_ACTIVE_ARCH = YES;
				SDKROOT = iphoneos;
				SWIFT_ACTIVE_COMPILATION_CONDITIONS = DEBUG;
				SWIFT_OPTIMIZATION_LEVEL = "-Onone";
			};
			name = Debug;
		};
		3AF260B729CE0C5400E41D58 /* Release */ = {
			isa = XCBuildConfiguration;
			buildSettings = {
				ALWAYS_SEARCH_USER_PATHS = NO;
				CLANG_ANALYZER_NONNULL = YES;
				CLANG_ANALYZER_NUMBER_OBJECT_CONVERSION = YES_AGGRESSIVE;
				CLANG_CXX_LANGUAGE_STANDARD = "gnu++20";
				CLANG_ENABLE_MODULES = YES;
				CLANG_ENABLE_OBJC_ARC = YES;
				CLANG_ENABLE_OBJC_WEAK = YES;
				CLANG_WARN_BLOCK_CAPTURE_AUTORELEASING = YES;
				CLANG_WARN_BOOL_CONVERSION = YES;
				CLANG_WARN_COMMA = YES;
				CLANG_WARN_CONSTANT_CONVERSION = YES;
				CLANG_WARN_DEPRECATED_OBJC_IMPLEMENTATIONS = YES;
				CLANG_WARN_DIRECT_OBJC_ISA_USAGE = YES_ERROR;
				CLANG_WARN_DOCUMENTATION_COMMENTS = YES;
				CLANG_WARN_EMPTY_BODY = YES;
				CLANG_WARN_ENUM_CONVERSION = YES;
				CLANG_WARN_INFINITE_RECURSION = YES;
				CLANG_WARN_INT_CONVERSION = YES;
				CLANG_WARN_NON_LITERAL_NULL_CONVERSION = YES;
				CLANG_WARN_OBJC_IMPLICIT_RETAIN_SELF = YES;
				CLANG_WARN_OBJC_LITERAL_CONVERSION = YES;
				CLANG_WARN_OBJC_ROOT_CLASS = YES_ERROR;
				CLANG_WARN_QUOTED_INCLUDE_IN_FRAMEWORK_HEADER = YES;
				CLANG_WARN_RANGE_LOOP_ANALYSIS = YES;
				CLANG_WARN_STRICT_PROTOTYPES = YES;
				CLANG_WARN_SUSPICIOUS_MOVE = YES;
				CLANG_WARN_UNGUARDED_AVAILABILITY = YES_AGGRESSIVE;
				CLANG_WARN_UNREACHABLE_CODE = YES;
				CLANG_WARN__DUPLICATE_METHOD_MATCH = YES;
				COPY_PHASE_STRIP = NO;
				DEBUG_INFORMATION_FORMAT = "dwarf-with-dsym";
				ENABLE_NS_ASSERTIONS = NO;
				ENABLE_STRICT_OBJC_MSGSEND = YES;
				GCC_C_LANGUAGE_STANDARD = gnu11;
				GCC_NO_COMMON_BLOCKS = YES;
				GCC_WARN_64_TO_32_BIT_CONVERSION = YES;
				GCC_WARN_ABOUT_RETURN_TYPE = YES_ERROR;
				GCC_WARN_UNDECLARED_SELECTOR = YES;
				GCC_WARN_UNINITIALIZED_AUTOS = YES_AGGRESSIVE;
				GCC_WARN_UNUSED_FUNCTION = YES;
				GCC_WARN_UNUSED_VARIABLE = YES;
				IPHONEOS_DEPLOYMENT_TARGET = 16.2;
				MTL_ENABLE_DEBUG_INFO = NO;
				MTL_FAST_MATH = YES;
				SDKROOT = iphoneos;
				SWIFT_COMPILATION_MODE = wholemodule;
				SWIFT_OPTIMIZATION_LEVEL = "-O";
				VALIDATE_PRODUCT = YES;
			};
			name = Release;
		};
		3AF260B929CE0C5400E41D58 /* Debug */ = {
			isa = XCBuildConfiguration;
			buildSettings = {
				ASSETCATALOG_COMPILER_APPICON_NAME = AppIcon;
				ASSETCATALOG_COMPILER_GLOBAL_ACCENT_COLOR_NAME = AccentColor;
				CODE_SIGN_STYLE = Automatic;
				CURRENT_PROJECT_VERSION = 1;
				GENERATE_INFOPLIST_FILE = YES;
				INFOPLIST_FILE = "20230323-RobertCovuNYCSchools/Info.plist";
				INFOPLIST_KEY_UIApplicationSupportsIndirectInputEvents = YES;
				INFOPLIST_KEY_UILaunchStoryboardName = LaunchScreen;
				INFOPLIST_KEY_UISupportedInterfaceOrientations_iPad = "UIInterfaceOrientationPortrait UIInterfaceOrientationPortraitUpsideDown UIInterfaceOrientationLandscapeLeft UIInterfaceOrientationLandscapeRight";
				INFOPLIST_KEY_UISupportedInterfaceOrientations_iPhone = "UIInterfaceOrientationPortrait UIInterfaceOrientationLandscapeLeft UIInterfaceOrientationLandscapeRight";
				LD_RUNPATH_SEARCH_PATHS = (
					"$(inherited)",
					"@executable_path/Frameworks",
				);
				MARKETING_VERSION = 1.0;
				PRODUCT_BUNDLE_IDENTIFIER = "Robert.-0230323-RobertCovuNYCSchools";
				PRODUCT_NAME = "$(TARGET_NAME)";
				SWIFT_EMIT_LOC_STRINGS = YES;
				SWIFT_VERSION = 5.0;
				TARGETED_DEVICE_FAMILY = "1,2";
			};
			name = Debug;
		};
		3AF260BA29CE0C5400E41D58 /* Release */ = {
			isa = XCBuildConfiguration;
			buildSettings = {
				ASSETCATALOG_COMPILER_APPICON_NAME = AppIcon;
				ASSETCATALOG_COMPILER_GLOBAL_ACCENT_COLOR_NAME = AccentColor;
				CODE_SIGN_STYLE = Automatic;
				CURRENT_PROJECT_VERSION = 1;
				GENERATE_INFOPLIST_FILE = YES;
				INFOPLIST_FILE = "20230323-RobertCovuNYCSchools/Info.plist";
				INFOPLIST_KEY_UIApplicationSupportsIndirectInputEvents = YES;
				INFOPLIST_KEY_UILaunchStoryboardName = LaunchScreen;
				INFOPLIST_KEY_UISupportedInterfaceOrientations_iPad = "UIInterfaceOrientationPortrait UIInterfaceOrientationPortraitUpsideDown UIInterfaceOrientationLandscapeLeft UIInterfaceOrientationLandscapeRight";
				INFOPLIST_KEY_UISupportedInterfaceOrientations_iPhone = "UIInterfaceOrientationPortrait UIInterfaceOrientationLandscapeLeft UIInterfaceOrientationLandscapeRight";
				LD_RUNPATH_SEARCH_PATHS = (
					"$(inherited)",
					"@executable_path/Frameworks",
				);
				MARKETING_VERSION = 1.0;
				PRODUCT_BUNDLE_IDENTIFIER = "Robert.-0230323-RobertCovuNYCSchools";
				PRODUCT_NAME = "$(TARGET_NAME)";
				SWIFT_EMIT_LOC_STRINGS = YES;
				SWIFT_VERSION = 5.0;
				TARGETED_DEVICE_FAMILY = "1,2";
			};
			name = Release;
		};
		3AF260BC29CE0C5400E41D58 /* Debug */ = {
			isa = XCBuildConfiguration;
			buildSettings = {
				ALWAYS_EMBED_SWIFT_STANDARD_LIBRARIES = YES;
				BUNDLE_LOADER = "$(TEST_HOST)";
				CODE_SIGN_STYLE = Automatic;
				CURRENT_PROJECT_VERSION = 1;
				GENERATE_INFOPLIST_FILE = YES;
				IPHONEOS_DEPLOYMENT_TARGET = 16.2;
				MARKETING_VERSION = 1.0;
				PRODUCT_BUNDLE_IDENTIFIER = "Robert.-0230323-RobertCovuNYCSchoolsTests";
				PRODUCT_NAME = "$(TARGET_NAME)";
				SWIFT_EMIT_LOC_STRINGS = NO;
				SWIFT_VERSION = 5.0;
				TARGETED_DEVICE_FAMILY = "1,2";
				TEST_HOST = "$(BUILT_PRODUCTS_DIR)/20230323-RobertCovuNYCSchools.app/$(BUNDLE_EXECUTABLE_FOLDER_PATH)/20230323-RobertCovuNYCSchools";
			};
			name = Debug;
		};
		3AF260BD29CE0C5400E41D58 /* Release */ = {
			isa = XCBuildConfiguration;
			buildSettings = {
				ALWAYS_EMBED_SWIFT_STANDARD_LIBRARIES = YES;
				BUNDLE_LOADER = "$(TEST_HOST)";
				CODE_SIGN_STYLE = Automatic;
				CURRENT_PROJECT_VERSION = 1;
				GENERATE_INFOPLIST_FILE = YES;
				IPHONEOS_DEPLOYMENT_TARGET = 16.2;
				MARKETING_VERSION = 1.0;
				PRODUCT_BUNDLE_IDENTIFIER = "Robert.-0230323-RobertCovuNYCSchoolsTests";
				PRODUCT_NAME = "$(TARGET_NAME)";
				SWIFT_EMIT_LOC_STRINGS = NO;
				SWIFT_VERSION = 5.0;
				TARGETED_DEVICE_FAMILY = "1,2";
				TEST_HOST = "$(BUILT_PRODUCTS_DIR)/20230323-RobertCovuNYCSchools.app/$(BUNDLE_EXECUTABLE_FOLDER_PATH)/20230323-RobertCovuNYCSchools";
			};
			name = Release;
		};
		3AF260BF29CE0C5400E41D58 /* Debug */ = {
			isa = XCBuildConfiguration;
			buildSettings = {
				ALWAYS_EMBED_SWIFT_STANDARD_LIBRARIES = YES;
				CODE_SIGN_STYLE = Automatic;
				CURRENT_PROJECT_VERSION = 1;
				GENERATE_INFOPLIST_FILE = YES;
				MARKETING_VERSION = 1.0;
				PRODUCT_BUNDLE_IDENTIFIER = "Robert.-0230323-RobertCovuNYCSchoolsUITests";
				PRODUCT_NAME = "$(TARGET_NAME)";
				SWIFT_EMIT_LOC_STRINGS = NO;
				SWIFT_VERSION = 5.0;
				TARGETED_DEVICE_FAMILY = "1,2";
				TEST_TARGET_NAME = "20230323-RobertCovuNYCSchools";
			};
			name = Debug;
		};
		3AF260C029CE0C5400E41D58 /* Release */ = {
			isa = XCBuildConfiguration;
			buildSettings = {
				ALWAYS_EMBED_SWIFT_STANDARD_LIBRARIES = YES;
				CODE_SIGN_STYLE = Automatic;
				CURRENT_PROJECT_VERSION = 1;
				GENERATE_INFOPLIST_FILE = YES;
				MARKETING_VERSION = 1.0;
				PRODUCT_BUNDLE_IDENTIFIER = "Robert.-0230323-RobertCovuNYCSchoolsUITests";
				PRODUCT_NAME = "$(TARGET_NAME)";
				SWIFT_EMIT_LOC_STRINGS = NO;
				SWIFT_VERSION = 5.0;
				TARGETED_DEVICE_FAMILY = "1,2";
				TEST_TARGET_NAME = "20230323-RobertCovuNYCSchools";
			};
			name = Release;
		};
/* End XCBuildConfiguration section */

/* Begin XCConfigurationList section */
		3AF2608929CE0C5300E41D58 /* Build configuration list for PBXProject "20230323-RobertCovuNYCSchools" */ = {
			isa = XCConfigurationList;
			buildConfigurations = (
				3AF260B629CE0C5400E41D58 /* Debug */,
				3AF260B729CE0C5400E41D58 /* Release */,
			);
			defaultConfigurationIsVisible = 0;
			defaultConfigurationName = Release;
		};
		3AF260B829CE0C5400E41D58 /* Build configuration list for PBXNativeTarget "20230323-RobertCovuNYCSchools" */ = {
			isa = XCConfigurationList;
			buildConfigurations = (
				3AF260B929CE0C5400E41D58 /* Debug */,
				3AF260BA29CE0C5400E41D58 /* Release */,
			);
			defaultConfigurationIsVisible = 0;
			defaultConfigurationName = Release;
		};
		3AF260BB29CE0C5400E41D58 /* Build configuration list for PBXNativeTarget "20230323-RobertCovuNYCSchoolsTests" */ = {
			isa = XCConfigurationList;
			buildConfigurations = (
				3AF260BC29CE0C5400E41D58 /* Debug */,
				3AF260BD29CE0C5400E41D58 /* Release */,
			);
			defaultConfigurationIsVisible = 0;
			defaultConfigurationName = Release;
		};
		3AF260BE29CE0C5400E41D58 /* Build configuration list for PBXNativeTarget "20230323-RobertCovuNYCSchoolsUITests" */ = {
			isa = XCConfigurationList;
			buildConfigurations = (
				3AF260BF29CE0C5400E41D58 /* Debug */,
				3AF260C029CE0C5400E41D58 /* Release */,
			);
			defaultConfigurationIsVisible = 0;
			defaultConfigurationName = Release;
		};
/* End XCConfigurationList section */
	};
	rootObject = 3AF2608629CE0C5300E41D58 /* Project object */;
}
